
Microsoft Visual Studio Solution File, Format Version 12.00
# Visual Studio Version 17
VisualStudioVersion = 17.3.32811.315
MinimumVisualStudioVersion = 10.0.40219.1
Project("{FAE04EC0-301F-11D3-BF4B-00C04F79EFBC}") = "ProyectoTickets", "ProyectoTickets\ProyectoTickets.csproj", "{FDD69209-7BBF-4EB5-8334-362A888FC10C}"
EndProject
Global
	GlobalSection(SolutionConfigurationPlatforms) = preSolution
		Debug|Any CPU = Debug|Any CPU
		Release|Any CPU = Release|Any CPU
	EndGlobalSection
	GlobalSection(ProjectConfigurationPlatforms) = postSolution
		{FDD69209-7BBF-4EB5-8334-362A888FC10C}.Debug|Any CPU.ActiveCfg = Debug|Any CPU
		{FDD69209-7BBF-4EB5-8334-362A888FC10C}.Debug|Any CPU.Build.0 = Debug|Any CPU
		{FDD69209-7BBF-4EB5-8334-362A888FC10C}.Release|Any CPU.ActiveCfg = Release|Any CPU
		{FDD69209-7BBF-4EB5-8334-362A888FC10C}.Release|Any CPU.Build.0 = Release|Any CPU
	EndGlobalSection
	GlobalSection(SolutionProperties) = preSolution
		HideSolutionNode = FALSE
	EndGlobalSection
	GlobalSection(ExtensibilityGlobals) = postSolution
		SolutionGuid = {8D73A2D0-FF7D-4CFD-AFE5-7525B6899DA0}
	EndGlobalSection
EndGlobal
